
Microsoft Visual Studio Solution File, Format Version 12.00
# Visual Studio 14
VisualStudioVersion = 14.0.25420.1
MinimumVisualStudioVersion = 10.0.40219.1
Project("{A07B5EB6-E848-4116-A8D0-A826331D98C6}") = "Application3", "Application3\Application3.sfproj", "{548174DA-5A80-427A-9AEB-ED733509E425}"
EndProject
Project("{FAE04EC0-301F-11D3-BF4B-00C04F79EFBC}") = "WebApi1", "WebApi1\WebApi1.csproj", "{82A07B00-F6FC-4B8B-AE8F-0DA5490B6A3C}"
EndProject
Project("{FAE04EC0-301F-11D3-BF4B-00C04F79EFBC}") = "Stateless1", "Stateless1\Stateless1.csproj", "{21ED488A-C419-4535-8D47-1E068B7B9C3B}"
EndProject
Global
	GlobalSection(SolutionConfigurationPlatforms) = preSolution
		Debug|x64 = Debug|x64
		Release|x64 = Release|x64
	EndGlobalSection
	GlobalSection(ProjectConfigurationPlatforms) = postSolution
		{548174DA-5A80-427A-9AEB-ED733509E425}.Debug|x64.ActiveCfg = Debug|x64
		{548174DA-5A80-427A-9AEB-ED733509E425}.Debug|x64.Build.0 = Debug|x64
		{548174DA-5A80-427A-9AEB-ED733509E425}.Debug|x64.Deploy.0 = Debug|x64
		{548174DA-5A80-427A-9AEB-ED733509E425}.Release|x64.ActiveCfg = Release|x64
		{548174DA-5A80-427A-9AEB-ED733509E425}.Release|x64.Build.0 = Release|x64
		{548174DA-5A80-427A-9AEB-ED733509E425}.Release|x64.Deploy.0 = Release|x64
		{82A07B00-F6FC-4B8B-AE8F-0DA5490B6A3C}.Debug|x64.ActiveCfg = Debug|x64
		{82A07B00-F6FC-4B8B-AE8F-0DA5490B6A3C}.Debug|x64.Build.0 = Debug|x64
		{82A07B00-F6FC-4B8B-AE8F-0DA5490B6A3C}.Release|x64.ActiveCfg = Release|x64
		{82A07B00-F6FC-4B8B-AE8F-0DA5490B6A3C}.Release|x64.Build.0 = Release|x64
		{21ED488A-C419-4535-8D47-1E068B7B9C3B}.Debug|x64.ActiveCfg = Debug|x64
		{21ED488A-C419-4535-8D47-1E068B7B9C3B}.Debug|x64.Build.0 = Debug|x64
		{21ED488A-C419-4535-8D47-1E068B7B9C3B}.Release|x64.ActiveCfg = Release|x64
		{21ED488A-C419-4535-8D47-1E068B7B9C3B}.Release|x64.Build.0 = Release|x64
	EndGlobalSection
	GlobalSection(SolutionProperties) = preSolution
		HideSolutionNode = FALSE
	EndGlobalSection
EndGlobal
